
Microsoft Visual Studio Solution File, Format Version 12.00
# Visual Studio Version 16
VisualStudioVersion = 16.0.30711.63
MinimumVisualStudioVersion = 10.0.40219.1
Project("{9A19103F-16F7-4668-BE54-9A1E7A4F7556}") = "LIS2A", "src\LIS2A.Models\LIS2A.csproj", "{9A5EBA96-7CF4-43B4-9545-105FF9E9F9CF}"
EndProject
Project("{2150E333-8FDC-42A3-9474-1A3956D46DE8}") = "test", "test", "{6904AD81-A8A9-44EE-A161-D0987B514875}"
EndProject
Project("{9A19103F-16F7-4668-BE54-9A1E7A4F7556}") = "LIS2A.Test.Models", "test\LIS2A.Test.Models\LIS2A.Test.Models.csproj", "{609C7E6F-8016-4E8E-9FB0-011DEC288975}"
EndProject
Project("{2150E333-8FDC-42A3-9474-1A3956D46DE8}") = "src", "src", "{A6DF1D5D-F79E-4F93-AEEA-862056CA7D99}"
EndProject
Global
	GlobalSection(SolutionConfigurationPlatforms) = preSolution
		Debug|Any CPU = Debug|Any CPU
		Release|Any CPU = Release|Any CPU
	EndGlobalSection
	GlobalSection(ProjectConfigurationPlatforms) = postSolution
		{9A5EBA96-7CF4-43B4-9545-105FF9E9F9CF}.Debug|Any CPU.ActiveCfg = Debug|Any CPU
		{9A5EBA96-7CF4-43B4-9545-105FF9E9F9CF}.Debug|Any CPU.Build.0 = Debug|Any CPU
		{9A5EBA96-7CF4-43B4-9545-105FF9E9F9CF}.Release|Any CPU.ActiveCfg = Release|Any CPU
		{9A5EBA96-7CF4-43B4-9545-105FF9E9F9CF}.Release|Any CPU.Build.0 = Release|Any CPU
		{609C7E6F-8016-4E8E-9FB0-011DEC288975}.Debug|Any CPU.ActiveCfg = Debug|Any CPU
		{609C7E6F-8016-4E8E-9FB0-011DEC288975}.Debug|Any CPU.Build.0 = Debug|Any CPU
		{609C7E6F-8016-4E8E-9FB0-011DEC288975}.Release|Any CPU.ActiveCfg = Release|Any CPU
		{609C7E6F-8016-4E8E-9FB0-011DEC288975}.Release|Any CPU.Build.0 = Release|Any CPU
	EndGlobalSection
	GlobalSection(SolutionProperties) = preSolution
		HideSolutionNode = FALSE
	EndGlobalSection
	GlobalSection(NestedProjects) = preSolution
		{9A5EBA96-7CF4-43B4-9545-105FF9E9F9CF} = {A6DF1D5D-F79E-4F93-AEEA-862056CA7D99}
		{609C7E6F-8016-4E8E-9FB0-011DEC288975} = {6904AD81-A8A9-44EE-A161-D0987B514875}
	EndGlobalSection
	GlobalSection(ExtensibilityGlobals) = postSolution
		SolutionGuid = {378B6962-FAB3-431B-9B5B-EC4758EC1FB9}
	EndGlobalSection
EndGlobal
